# THIS IS AN AUTOGENERATED FILE. DO NOT EDIT THIS FILE DIRECTLY.
# yarn lockfile v1


"@playwright/test@^1.24.0":
  version "1.24.0"
  resolved "https://registry.yarnpkg.com/@playwright/test/-/test-1.24.0.tgz#bef07eddeebba21358ab15e9b0b7a79df0479b76"
  integrity sha512-sZLH2N6aWN9TtG+vMjNSomSfX0dSVHwWE+GhHQPV+ZeGcuZ/6CgMCGFuGjobgq/hNF9ZkuVOjeyoceZ0owKnHQ==
  dependencies:
    "@types/node" "*"
    playwright-core "1.24.0"

"@types/node@*", "@types/node@^18.0.6":
  version "18.0.6"
  resolved "https://registry.yarnpkg.com/@types/node/-/node-18.0.6.tgz#0ba49ac517ad69abe7a1508bc9b3a5483df9d5d7"
  integrity sha512-/xUq6H2aQm261exT6iZTMifUySEt4GR5KX8eYyY+C4MSNPqSh9oNIP7tz2GLKTlFaiBbgZNxffoR3CVRG+cljw==

playwright-core@1.24.0:
  version "1.24.0"
  resolved "https://registry.yarnpkg.com/playwright-core/-/playwright-core-1.24.0.tgz#ece821ceaf241bb7206329b1242b0cf6c1c60bdb"
  integrity sha512-BkDWdVsoEEC8m2glQlfNu1EN2qvjBsLIg5bD0wjrfwv9zVHktIsp80yYFObAcWreLNYhfRP4PlXE04lr5R4DFQ==
